{
  "name": "demo5",
  "version": "1.0.0",
  "lockfileVersion": 1,
  "requires": true,
  "dependencies": {
    "gallery": {
      "version": "1.0.2",
      "resolved": "https://registry.npmjs.org/gallery/-/gallery-1.0.2.tgz",
      "integrity": "sha512-guOSIbExT/MfeZvV38Uo+u+77+oVk6S49jluf/sxFX2eNLTa/xtW+KNxhpCrTCd7H6QcTzHXlVamXjXouBJztQ=="
    },
    "miniprogram-recycle-view": {
      "version": "0.1.0",
      "resolved": "https://registry.npmjs.org/miniprogram-recycle-view/-/miniprogram-recycle-view-0.1.0.tgz",
      "integrity": "sha512-hx6AjMOUUeTNAad4seSXOgkppuqke0T4OErnhUceSXl6ReRaGSR/QM9ftnK9aIlZTjKP6L9dJPOP0Kv4KvKuNQ=="
    },
    "miniprogram-slide-view": {
      "version": "0.0.4",
      "resolved": "https://registry.npmjs.org/miniprogram-slide-view/-/miniprogram-slide-view-0.0.4.tgz",
      "integrity": "sha512-OGE9a13pM297+ZzcbGFuE8QDzVgX4hZ75nPGw9yPmdjLXRMZUvEE3NA+RnRe1mQ1AnJNcf5BLRnJkEMPucYoTw=="
    },
    "weui-miniprogram": {
      "version": "0.1.5",
      "resolved": "https://registry.npmjs.org/weui-miniprogram/-/weui-miniprogram-0.1.5.tgz",
      "integrity": "sha512-wTMBjsHz2naddkXUkWl5/liKvPPMhm6GbnWYdJj3ZreHL58tDHexqQ9+KR306Du7WUJmFvq7gG+s9Ye7vQxh/w=="
    }
  }
}
